
Microsoft Visual Studio Solution File, Format Version 12.00
# Visual Studio Version 17
VisualStudioVersion = 17.8.34330.188
MinimumVisualStudioVersion = 10.0.40219.1
Project("{FAE04EC0-301F-11D3-BF4B-00C04F79EFBC}") = "MyRecipeApp", "dotNET-final\MyRecipeApp.csproj", "{4919765D-5CBA-42D1-BEB2-95FB23693D49}"
EndProject
Project("{FAE04EC0-301F-11D3-BF4B-00C04F79EFBC}") = "ClassLibrary", "ClassLibrary\ClassLibrary.csproj", "{03659958-68A5-449A-BECD-8A02A053927C}"
EndProject
Global
	GlobalSection(SolutionConfigurationPlatforms) = preSolution
		Debug|Any CPU = Debug|Any CPU
		Release|Any CPU = Release|Any CPU
	EndGlobalSection
	GlobalSection(ProjectConfigurationPlatforms) = postSolution
		{4919765D-5CBA-42D1-BEB2-95FB23693D49}.Debug|Any CPU.ActiveCfg = Debug|Any CPU
		{4919765D-5CBA-42D1-BEB2-95FB23693D49}.Debug|Any CPU.Build.0 = Debug|Any CPU
		{4919765D-5CBA-42D1-BEB2-95FB23693D49}.Release|Any CPU.ActiveCfg = Release|Any CPU
		{4919765D-5CBA-42D1-BEB2-95FB23693D49}.Release|Any CPU.Build.0 = Release|Any CPU
		{03659958-68A5-449A-BECD-8A02A053927C}.Debug|Any CPU.ActiveCfg = Debug|Any CPU
		{03659958-68A5-449A-BECD-8A02A053927C}.Debug|Any CPU.Build.0 = Debug|Any CPU
		{03659958-68A5-449A-BECD-8A02A053927C}.Release|Any CPU.ActiveCfg = Release|Any CPU
		{03659958-68A5-449A-BECD-8A02A053927C}.Release|Any CPU.Build.0 = Release|Any CPU
	EndGlobalSection
	GlobalSection(SolutionProperties) = preSolution
		HideSolutionNode = FALSE
	EndGlobalSection
	GlobalSection(ExtensibilityGlobals) = postSolution
		SolutionGuid = {FDD4CA72-5262-440B-B16D-F991FBD89309}
	EndGlobalSection
EndGlobal
